
Microsoft Visual Studio Solution File, Format Version 12.00
# Visual Studio Version 18
VisualStudioVersion = 18.1.11312.151 d18.0
MinimumVisualStudioVersion = 10.0.40219.1
Project("{FAE04EC0-301F-11D3-BF4B-00C04F79EFBC}") = "SampleGitDemoApi", "SampleGitDemoApi.csproj", "{6C585A03-CD1A-7930-ECF6-D83F8E139CA2}"
EndProject
Global
	GlobalSection(SolutionConfigurationPlatforms) = preSolution
		Debug|Any CPU = Debug|Any CPU
		Release|Any CPU = Release|Any CPU
	EndGlobalSection
	GlobalSection(ProjectConfigurationPlatforms) = postSolution
		{6C585A03-CD1A-7930-ECF6-D83F8E139CA2}.Debug|Any CPU.ActiveCfg = Debug|Any CPU
		{6C585A03-CD1A-7930-ECF6-D83F8E139CA2}.Debug|Any CPU.Build.0 = Debug|Any CPU
		{6C585A03-CD1A-7930-ECF6-D83F8E139CA2}.Release|Any CPU.ActiveCfg = Release|Any CPU
		{6C585A03-CD1A-7930-ECF6-D83F8E139CA2}.Release|Any CPU.Build.0 = Release|Any CPU
	EndGlobalSection
	GlobalSection(SolutionProperties) = preSolution
		HideSolutionNode = FALSE
	EndGlobalSection
	GlobalSection(ExtensibilityGlobals) = postSolution
		SolutionGuid = {A38DDF51-80F4-466C-8B43-DF9AC924DFFB}
	EndGlobalSection
EndGlobal
